
Microsoft Visual Studio Solution File, Format Version 12.00
# Visual Studio Version 16
VisualStudioVersion = 16.0.31829.152
MinimumVisualStudioVersion = 10.0.40219.1
Project("{9A19103F-16F7-4668-BE54-9A1E7A4F7556}") = "CooRPCClient", "CooRPC\CooRPCClient.csproj", "{1AAECDE1-A3AC-413D-9753-8728DDE10D51}"
EndProject
Project("{9A19103F-16F7-4668-BE54-9A1E7A4F7556}") = "CooRPCInterface", "CooInterface\CooRPCInterface.csproj", "{7292B027-BDC5-4B22-9796-4BC335971124}"
EndProject
Project("{9A19103F-16F7-4668-BE54-9A1E7A4F7556}") = "CooRPCCore", "CoocRPCCore\CooRPCCore.csproj", "{80A7F39E-BA59-480E-A134-FBB876B2F3C7}"
EndProject
Project("{9A19103F-16F7-4668-BE54-9A1E7A4F7556}") = "CooRPCServer", "CooRPCServer\CooRPCServer.csproj", "{7A708AC2-F289-41DF-A5C0-B10816272A53}"
	ProjectSection(ProjectDependencies) = postProject
		{80A7F39E-BA59-480E-A134-FBB876B2F3C7} = {80A7F39E-BA59-480E-A134-FBB876B2F3C7}
	EndProjectSection
EndProject
Project("{2150E333-8FDC-42A3-9474-1A3956D46DE8}") = "20211125", "20211125", "{A9B3D08B-28DB-4DAE-AED5-AE2083B79EBA}"
EndProject
Project("{FAE04EC0-301F-11D3-BF4B-00C04F79EFBC}") = "TcpServer", "TcpServer\TcpServer.csproj", "{C580380C-A7C0-449A-BB77-5ECC37C92D2E}"
EndProject
Global
	GlobalSection(SolutionConfigurationPlatforms) = preSolution
		Debug|Any CPU = Debug|Any CPU
		Release|Any CPU = Release|Any CPU
	EndGlobalSection
	GlobalSection(ProjectConfigurationPlatforms) = postSolution
		{1AAECDE1-A3AC-413D-9753-8728DDE10D51}.Debug|Any CPU.ActiveCfg = Debug|Any CPU
		{1AAECDE1-A3AC-413D-9753-8728DDE10D51}.Debug|Any CPU.Build.0 = Debug|Any CPU
		{1AAECDE1-A3AC-413D-9753-8728DDE10D51}.Release|Any CPU.ActiveCfg = Release|Any CPU
		{1AAECDE1-A3AC-413D-9753-8728DDE10D51}.Release|Any CPU.Build.0 = Release|Any CPU
		{7292B027-BDC5-4B22-9796-4BC335971124}.Debug|Any CPU.ActiveCfg = Debug|Any CPU
		{7292B027-BDC5-4B22-9796-4BC335971124}.Debug|Any CPU.Build.0 = Debug|Any CPU
		{7292B027-BDC5-4B22-9796-4BC335971124}.Release|Any CPU.ActiveCfg = Release|Any CPU
		{7292B027-BDC5-4B22-9796-4BC335971124}.Release|Any CPU.Build.0 = Release|Any CPU
		{80A7F39E-BA59-480E-A134-FBB876B2F3C7}.Debug|Any CPU.ActiveCfg = Debug|Any CPU
		{80A7F39E-BA59-480E-A134-FBB876B2F3C7}.Debug|Any CPU.Build.0 = Debug|Any CPU
		{80A7F39E-BA59-480E-A134-FBB876B2F3C7}.Release|Any CPU.ActiveCfg = Release|Any CPU
		{80A7F39E-BA59-480E-A134-FBB876B2F3C7}.Release|Any CPU.Build.0 = Release|Any CPU
		{7A708AC2-F289-41DF-A5C0-B10816272A53}.Debug|Any CPU.ActiveCfg = Debug|Any CPU
		{7A708AC2-F289-41DF-A5C0-B10816272A53}.Debug|Any CPU.Build.0 = Debug|Any CPU
		{7A708AC2-F289-41DF-A5C0-B10816272A53}.Release|Any CPU.ActiveCfg = Release|Any CPU
		{7A708AC2-F289-41DF-A5C0-B10816272A53}.Release|Any CPU.Build.0 = Release|Any CPU
		{C580380C-A7C0-449A-BB77-5ECC37C92D2E}.Debug|Any CPU.ActiveCfg = Debug|Any CPU
		{C580380C-A7C0-449A-BB77-5ECC37C92D2E}.Debug|Any CPU.Build.0 = Debug|Any CPU
		{C580380C-A7C0-449A-BB77-5ECC37C92D2E}.Release|Any CPU.ActiveCfg = Release|Any CPU
		{C580380C-A7C0-449A-BB77-5ECC37C92D2E}.Release|Any CPU.Build.0 = Release|Any CPU
	EndGlobalSection
	GlobalSection(SolutionProperties) = preSolution
		HideSolutionNode = FALSE
	EndGlobalSection
	GlobalSection(NestedProjects) = preSolution
		{C580380C-A7C0-449A-BB77-5ECC37C92D2E} = {A9B3D08B-28DB-4DAE-AED5-AE2083B79EBA}
	EndGlobalSection
	GlobalSection(ExtensibilityGlobals) = postSolution
		SolutionGuid = {124EF1D1-181E-42E7-BEDD-69DFB9B2F860}
	EndGlobalSection
EndGlobal
