
Microsoft Visual Studio Solution File, Format Version 12.00
# Visual Studio Version 16
VisualStudioVersion = 16.0.31829.152
MinimumVisualStudioVersion = 10.0.40219.1
Project("{9A19103F-16F7-4668-BE54-9A1E7A4F7556}") = "CooRPCCore", "CoocRPCCore\CooRPCCore.csproj", "{80A7F39E-BA59-480E-A134-FBB876B2F3C7}"
EndProject
Project("{9A19103F-16F7-4668-BE54-9A1E7A4F7556}") = "RPCServices", "RPCServices\RPCServices.csproj", "{8C3DA131-C1DF-4461-9AB7-7B9019B56415}"
EndProject
Project("{9A19103F-16F7-4668-BE54-9A1E7A4F7556}") = "RPCIServices", "RPCIServices\RPCIServices.csproj", "{B877FB3C-78F3-4512-A96A-7299A2FB1537}"
EndProject
Project("{2150E333-8FDC-42A3-9474-1A3956D46DE8}") = "Services", "Services", "{0DE748DB-7F9F-46E3-B2CF-BBF198E1FF39}"
EndProject
Project("{2150E333-8FDC-42A3-9474-1A3956D46DE8}") = "Exec", "Exec", "{924F0808-8C21-4D32-953C-425CC8AD821C}"
EndProject
Project("{9A19103F-16F7-4668-BE54-9A1E7A4F7556}") = "ClientExec2", "ClientExec2\ClientExec2.csproj", "{9C0F22D8-712F-4F25-953C-1E0484235509}"
EndProject
Project("{FAE04EC0-301F-11D3-BF4B-00C04F79EFBC}") = "RPCServerExec2", "RPCServerExec2\RPCServerExec2.csproj", "{C40E1542-58E4-4152-97D6-DF35214668AA}"
EndProject
Global
	GlobalSection(SolutionConfigurationPlatforms) = preSolution
		Debug|Any CPU = Debug|Any CPU
		Release|Any CPU = Release|Any CPU
	EndGlobalSection
	GlobalSection(ProjectConfigurationPlatforms) = postSolution
		{80A7F39E-BA59-480E-A134-FBB876B2F3C7}.Debug|Any CPU.ActiveCfg = Debug|Any CPU
		{80A7F39E-BA59-480E-A134-FBB876B2F3C7}.Debug|Any CPU.Build.0 = Debug|Any CPU
		{80A7F39E-BA59-480E-A134-FBB876B2F3C7}.Release|Any CPU.ActiveCfg = Release|Any CPU
		{80A7F39E-BA59-480E-A134-FBB876B2F3C7}.Release|Any CPU.Build.0 = Release|Any CPU
		{8C3DA131-C1DF-4461-9AB7-7B9019B56415}.Debug|Any CPU.ActiveCfg = Debug|Any CPU
		{8C3DA131-C1DF-4461-9AB7-7B9019B56415}.Debug|Any CPU.Build.0 = Debug|Any CPU
		{8C3DA131-C1DF-4461-9AB7-7B9019B56415}.Release|Any CPU.ActiveCfg = Release|Any CPU
		{8C3DA131-C1DF-4461-9AB7-7B9019B56415}.Release|Any CPU.Build.0 = Release|Any CPU
		{B877FB3C-78F3-4512-A96A-7299A2FB1537}.Debug|Any CPU.ActiveCfg = Debug|Any CPU
		{B877FB3C-78F3-4512-A96A-7299A2FB1537}.Debug|Any CPU.Build.0 = Debug|Any CPU
		{B877FB3C-78F3-4512-A96A-7299A2FB1537}.Release|Any CPU.ActiveCfg = Release|Any CPU
		{B877FB3C-78F3-4512-A96A-7299A2FB1537}.Release|Any CPU.Build.0 = Release|Any CPU
		{9C0F22D8-712F-4F25-953C-1E0484235509}.Debug|Any CPU.ActiveCfg = Debug|Any CPU
		{9C0F22D8-712F-4F25-953C-1E0484235509}.Debug|Any CPU.Build.0 = Debug|Any CPU
		{9C0F22D8-712F-4F25-953C-1E0484235509}.Release|Any CPU.ActiveCfg = Release|Any CPU
		{9C0F22D8-712F-4F25-953C-1E0484235509}.Release|Any CPU.Build.0 = Release|Any CPU
		{C40E1542-58E4-4152-97D6-DF35214668AA}.Debug|Any CPU.ActiveCfg = Debug|Any CPU
		{C40E1542-58E4-4152-97D6-DF35214668AA}.Debug|Any CPU.Build.0 = Debug|Any CPU
		{C40E1542-58E4-4152-97D6-DF35214668AA}.Release|Any CPU.ActiveCfg = Release|Any CPU
		{C40E1542-58E4-4152-97D6-DF35214668AA}.Release|Any CPU.Build.0 = Release|Any CPU
	EndGlobalSection
	GlobalSection(SolutionProperties) = preSolution
		HideSolutionNode = FALSE
	EndGlobalSection
	GlobalSection(NestedProjects) = preSolution
		{8C3DA131-C1DF-4461-9AB7-7B9019B56415} = {0DE748DB-7F9F-46E3-B2CF-BBF198E1FF39}
		{B877FB3C-78F3-4512-A96A-7299A2FB1537} = {0DE748DB-7F9F-46E3-B2CF-BBF198E1FF39}
		{9C0F22D8-712F-4F25-953C-1E0484235509} = {924F0808-8C21-4D32-953C-425CC8AD821C}
		{C40E1542-58E4-4152-97D6-DF35214668AA} = {924F0808-8C21-4D32-953C-425CC8AD821C}
	EndGlobalSection
	GlobalSection(ExtensibilityGlobals) = postSolution
		SolutionGuid = {124EF1D1-181E-42E7-BEDD-69DFB9B2F860}
	EndGlobalSection
EndGlobal
